// !$*UTF8*$!
{
	archiveVersion = 1;
	classes = {
	};
	objectVersion = 46;
	objects = {

/* Begin PBXBuildFile section */
		E21D0A1E1DF1D1C800327AB6 /* Violin.mp3 in Resources */ = {isa = PBXBuildFile; fileRef = E21D0A1D1DF1D1C800327AB6 /* Violin.mp3 */; };
		E28EDC4A1DF5674800210088 /* Violin.plist in Resources */ = {isa = PBXBuildFile; fileRef = E28EDC491DF5674800210088 /* Violin.plist */; };
		E28EDC4C1DF57D2900210088 /* Violin.png in Resources */ = {isa = PBXBuildFile; fileRef = E28EDC4B1DF57D2900210088 /* Violin.png */; };
		E2E5C03F1DF0987000DC3AFF /* tableViewController.swift in Sources */ = {isa = PBXBuildFile; fileRef = E2E5C03E1DF0987000DC3AFF /* tableViewController.swift */; };
		E2E5C0411DF0AB9E00DC3AFF /* DescriptionViewController.swift in Sources */ = {isa = PBXBuildFile; fileRef = E2E5C0401DF0AB9E00DC3AFF /* DescriptionViewController.swift */; };
		E2E785321DF73A7800368631 /* Viola.plist in Resources */ = {isa = PBXBuildFile; fileRef = E2E785311DF73A7800368631 /* Viola.plist */; };
		E2E785341DF73AA300368631 /* Cello.plist in Resources */ = {isa = PBXBuildFile; fileRef = E2E785331DF73AA300368631 /* Cello.plist */; };
		E2E785361DF73AC900368631 /* Double Bass.plist in Resources */ = {isa = PBXBuildFile; fileRef = E2E785351DF73AC900368631 /* Double Bass.plist */; };
		E2E785381DF73F3600368631 /* Cello.png in Resources */ = {isa = PBXBuildFile; fileRef = E2E785371DF73F3600368631 /* Cello.png */; };
		E2E7853A1DF73F4600368631 /* Double Bass.png in Resources */ = {isa = PBXBuildFile; fileRef = E2E785391DF73F4600368631 /* Double Bass.png */; };
		E2E7853C1DF73F4F00368631 /* Viola.png in Resources */ = {isa = PBXBuildFile; fileRef = E2E7853B1DF73F4F00368631 /* Viola.png */; };
		E2E7853E1DF73F9200368631 /* Viola.mp3 in Resources */ = {isa = PBXBuildFile; fileRef = E2E7853D1DF73F9200368631 /* Viola.mp3 */; };
		E2E785401DF73FC200368631 /* Double Bass.mp3 in Resources */ = {isa = PBXBuildFile; fileRef = E2E7853F1DF73FC200368631 /* Double Bass.mp3 */; };
		E2E785421DF73FD300368631 /* Cello.mp3 in Resources */ = {isa = PBXBuildFile; fileRef = E2E785411DF73FD300368631 /* Cello.mp3 */; };
		E2FBED461DE765DF000431F4 /* AppDelegate.swift in Sources */ = {isa = PBXBuildFile; fileRef = E2FBED451DE765DF000431F4 /* AppDelegate.swift */; };
		E2FBED481DE765DF000431F4 /* ViewController.swift in Sources */ = {isa = PBXBuildFile; fileRef = E2FBED471DE765DF000431F4 /* ViewController.swift */; };
		E2FBED4B1DE765DF000431F4 /* Main.storyboard in Resources */ = {isa = PBXBuildFile; fileRef = E2FBED491DE765DF000431F4 /* Main.storyboard */; };
		E2FBED4D1DE765DF000431F4 /* Assets.xcassets in Resources */ = {isa = PBXBuildFile; fileRef = E2FBED4C1DE765DF000431F4 /* Assets.xcassets */; };
		E2FBED501DE765DF000431F4 /* LaunchScreen.storyboard in Resources */ = {isa = PBXBuildFile; fileRef = E2FBED4E1DE765DF000431F4 /* LaunchScreen.storyboard */; };
		E2FBED5B1DE765DF000431F4 /* MusicalNotesTests.swift in Sources */ = {isa = PBXBuildFile; fileRef = E2FBED5A1DE765DF000431F4 /* MusicalNotesTests.swift */; };
		E2FBED661DE77178000431F4 /* SecondViewController.swift in Sources */ = {isa = PBXBuildFile; fileRef = E2FBED651DE77178000431F4 /* SecondViewController.swift */; };
/* End PBXBuildFile section */

/* Begin PBXContainerItemProxy section */
		E2FBED571DE765DF000431F4 /* PBXContainerItemProxy */ = {
			isa = PBXContainerItemProxy;
			containerPortal = E2FBED3A1DE765DF000431F4 /* Project object */;
			proxyType = 1;
			remoteGlobalIDString = E2FBED411DE765DF000431F4;
			remoteInfo = MusicalNotes;
		};
/* End PBXContainerItemProxy section */

/* Begin PBXFileReference section */
		E21D0A1D1DF1D1C800327AB6 /* Violin.mp3 */ = {isa = PBXFileReference; lastKnownFileType = audio.mp3; path = Violin.mp3; sourceTree = "<group>"; };
		E28EDC491DF5674800210088 /* Violin.plist */ = {isa = PBXFileReference; fileEncoding = 4; lastKnownFileType = text.plist.xml; path = Violin.plist; sourceTree = "<group>"; };
		E28EDC4B1DF57D2900210088 /* Violin.png */ = {isa = PBXFileReference; lastKnownFileType = image.png; name = Violin.png; path = MusicalNotes/Violin.png; sourceTree = "<group>"; };
		E2E5C03E1DF0987000DC3AFF /* tableViewController.swift */ = {isa = PBXFileReference; fileEncoding = 4; lastKnownFileType = sourcecode.swift; path = tableViewController.swift; sourceTree = "<group>"; };
		E2E5C0401DF0AB9E00DC3AFF /* DescriptionViewController.swift */ = {isa = PBXFileReference; fileEncoding = 4; lastKnownFileType = sourcecode.swift; path = DescriptionViewController.swift; sourceTree = "<group>"; };
		E2E785311DF73A7800368631 /* Viola.plist */ = {isa = PBXFileReference; fileEncoding = 4; lastKnownFileType = text.plist.xml; path = Viola.plist; sourceTree = "<group>"; };
		E2E785331DF73AA300368631 /* Cello.plist */ = {isa = PBXFileReference; fileEncoding = 4; lastKnownFileType = text.plist.xml; path = Cello.plist; sourceTree = "<group>"; };
		E2E785351DF73AC900368631 /* Double Bass.plist */ = {isa = PBXFileReference; fileEncoding = 4; lastKnownFileType = text.plist.xml; path = "Double Bass.plist"; sourceTree = "<group>"; };
		E2E785371DF73F3600368631 /* Cello.png */ = {isa = PBXFileReference; lastKnownFileType = image.png; path = Cello.png; sourceTree = "<group>"; };
		E2E785391DF73F4600368631 /* Double Bass.png */ = {isa = PBXFileReference; lastKnownFileType = image.png; path = "Double Bass.png"; sourceTree = "<group>"; };
		E2E7853B1DF73F4F00368631 /* Viola.png */ = {isa = PBXFileReference; lastKnownFileType = image.png; path = Viola.png; sourceTree = "<group>"; };
		E2E7853D1DF73F9200368631 /* Viola.mp3 */ = {isa = PBXFileReference; lastKnownFileType = audio.mp3; path = Viola.mp3; sourceTree = "<group>"; };
		E2E7853F1DF73FC200368631 /* Double Bass.mp3 */ = {isa = PBXFileReference; lastKnownFileType = audio.mp3; path = "Double Bass.mp3"; sourceTree = "<group>"; };
		E2E785411DF73FD300368631 /* Cello.mp3 */ = {isa = PBXFileReference; lastKnownFileType = audio.mp3; path = Cello.mp3; sourceTree = "<group>"; };
		E2FBED421DE765DF000431F4 /* MusicalNotes.app */ = {isa = PBXFileReference; explicitFileType = wrapper.application; includeInIndex = 0; path = MusicalNotes.app; sourceTree = BUILT_PRODUCTS_DIR; };
		E2FBED451DE765DF000431F4 /* AppDelegate.swift */ = {isa = PBXFileReference; lastKnownFileType = sourcecode.swift; path = AppDelegate.swift; sourceTree = "<group>"; };
		E2FBED471DE765DF000431F4 /* ViewController.swift */ = {isa = PBXFileReference; lastKnownFileType = sourcecode.swift; path = ViewController.swift; sourceTree = "<group>"; };
		E2FBED4A1DE765DF000431F4 /* Base */ = {isa = PBXFileReference; lastKnownFileType = file.storyboard; name = Base; path = Base.lproj/Main.storyboard; sourceTree = "<group>"; };
		E2FBED4C1DE765DF000431F4 /* Assets.xcassets */ = {isa = PBXFileReference; lastKnownFileType = folder.assetcatalog; path = Assets.xcassets; sourceTree = "<group>"; };
		E2FBED4F1DE765DF000431F4 /* Base */ = {isa = PBXFileReference; lastKnownFileType = file.storyboard; name = Base; path = Base.lproj/LaunchScreen.storyboard; sourceTree = "<group>"; };
		E2FBED511DE765DF000431F4 /* Info.plist */ = {isa = PBXFileReference; lastKnownFileType = text.plist.xml; path = Info.plist; sourceTree = "<group>"; };
		E2FBED561DE765DF000431F4 /* MusicalNotesTests.xctest */ = {isa = PBXFileReference; explicitFileType = wrapper.cfbundle; includeInIndex = 0; path = MusicalNotesTests.xctest; sourceTree = BUILT_PRODUCTS_DIR; };
		E2FBED5A1DE765DF000431F4 /* MusicalNotesTests.swift */ = {isa = PBXFileReference; lastKnownFileType = sourcecode.swift; path = MusicalNotesTests.swift; sourceTree = "<group>"; };
		E2FBED5C1DE765DF000431F4 /* Info.plist */ = {isa = PBXFileReference; lastKnownFileType = text.plist.xml; path = Info.plist; sourceTree = "<group>"; };
		E2FBED651DE77178000431F4 /* SecondViewController.swift */ = {isa = PBXFileReference; fileEncoding = 4; lastKnownFileType = sourcecode.swift; path = SecondViewController.swift; sourceTree = "<group>"; };
/* End PBXFileReference section */

/* Begin PBXFrameworksBuildPhase section */
		E2FBED3F1DE765DF000431F4 /* Frameworks */ = {
			isa = PBXFrameworksBuildPhase;
			buildActionMask = 2147483647;
			files = (
			);
			runOnlyForDeploymentPostprocessing = 0;
		};
		E2FBED531DE765DF000431F4 /* Frameworks */ = {
			isa = PBXFrameworksBuildPhase;
			buildActionMask = 2147483647;
			files = (
			);
			runOnlyForDeploymentPostprocessing = 0;
		};
/* End PBXFrameworksBuildPhase section */

/* Begin PBXGroup section */
		E21D0A1F1DF1D9BD00327AB6 /* Music */ = {
			isa = PBXGroup;
			children = (
				E2E7853F1DF73FC200368631 /* Double Bass.mp3 */,
				E2E785411DF73FD300368631 /* Cello.mp3 */,
				E21D0A1D1DF1D1C800327AB6 /* Violin.mp3 */,
				E2E7853D1DF73F9200368631 /* Viola.mp3 */,
			);
			name = Music;
			path = MusicalNotes;
			sourceTree = "<group>";
		};
		E28EDC4D1DF57D4A00210088 /* Images */ = {
			isa = PBXGroup;
			children = (
				E28EDC4B1DF57D2900210088 /* Violin.png */,
				E2E785391DF73F4600368631 /* Double Bass.png */,
				E2E7853B1DF73F4F00368631 /* Viola.png */,
				E2E785371DF73F3600368631 /* Cello.png */,
			);
			name = Images;
			sourceTree = "<group>";
		};
		E2FBED391DE765DF000431F4 = {
			isa = PBXGroup;
			children = (
				E21D0A1F1DF1D9BD00327AB6 /* Music */,
				E28EDC4D1DF57D4A00210088 /* Images */,
				E28EDC491DF5674800210088 /* Violin.plist */,
				E2E785311DF73A7800368631 /* Viola.plist */,
				E2E785331DF73AA300368631 /* Cello.plist */,
				E2E785351DF73AC900368631 /* Double Bass.plist */,
				E2FBED441DE765DF000431F4 /* MusicalNotes */,
				E2FBED591DE765DF000431F4 /* MusicalNotesTests */,
			);
			sourceTree = "<group>";
		};
		E2FBED431DE765DF000431F4 /* Products */ = {
			isa = PBXGroup;
			children = (
				E2FBED421DE765DF000431F4 /* MusicalNotes.app */,
				E2FBED561DE765DF000431F4 /* MusicalNotesTests.xctest */,
			);
			name = Products;
			path = ..;
			sourceTree = "<group>";
		};
		E2FBED441DE765DF000431F4 /* MusicalNotes */ = {
			isa = PBXGroup;
			children = (
				E2FBED451DE765DF000431F4 /* AppDelegate.swift */,
				E2FBED471DE765DF000431F4 /* ViewController.swift */,
				E2E5C03E1DF0987000DC3AFF /* tableViewController.swift */,
				E2E5C0401DF0AB9E00DC3AFF /* DescriptionViewController.swift */,
				E2FBED651DE77178000431F4 /* SecondViewController.swift */,
				E2FBED491DE765DF000431F4 /* Main.storyboard */,
				E2FBED4C1DE765DF000431F4 /* Assets.xcassets */,
				E2FBED4E1DE765DF000431F4 /* LaunchScreen.storyboard */,
				E2FBED511DE765DF000431F4 /* Info.plist */,
			);
			path = MusicalNotes;
			sourceTree = "<group>";
		};
		E2FBED591DE765DF000431F4 /* MusicalNotesTests */ = {
			isa = PBXGroup;
			children = (
				E2FBED431DE765DF000431F4 /* Products */,
				E2FBED5A1DE765DF000431F4 /* MusicalNotesTests.swift */,
				E2FBED5C1DE765DF000431F4 /* Info.plist */,
			);
			path = MusicalNotesTests;
			sourceTree = "<group>";
		};
/* End PBXGroup section */

/* Begin PBXNativeTarget section */
		E2FBED411DE765DF000431F4 /* MusicalNotes */ = {
			isa = PBXNativeTarget;
			buildConfigurationList = E2FBED5F1DE765DF000431F4 /* Build configuration list for PBXNativeTarget "MusicalNotes" */;
			buildPhases = (
				E2FBED3E1DE765DF000431F4 /* Sources */,
				E2FBED3F1DE765DF000431F4 /* Frameworks */,
				E2FBED401DE765DF000431F4 /* Resources */,
			);
			buildRules = (
			);
			dependencies = (
			);
			name = MusicalNotes;
			productName = MusicalNotes;
			productReference = E2FBED421DE765DF000431F4 /* MusicalNotes.app */;
			productType = "com.apple.product-type.application";
		};
		E2FBED551DE765DF000431F4 /* MusicalNotesTests */ = {
			isa = PBXNativeTarget;
			buildConfigurationList = E2FBED621DE765DF000431F4 /* Build configuration list for PBXNativeTarget "MusicalNotesTests" */;
			buildPhases = (
				E2FBED521DE765DF000431F4 /* Sources */,
				E2FBED531DE765DF000431F4 /* Frameworks */,
				E2FBED541DE765DF000431F4 /* Resources */,
			);
			buildRules = (
			);
			dependencies = (
				E2FBED581DE765DF000431F4 /* PBXTargetDependency */,
			);
			name = MusicalNotesTests;
			productName = MusicalNotesTests;
			productReference = E2FBED561DE765DF000431F4 /* MusicalNotesTests.xctest */;
			productType = "com.apple.product-type.bundle.unit-test";
		};
/* End PBXNativeTarget section */

/* Begin PBXProject section */
		E2FBED3A1DE765DF000431F4 /* Project object */ = {
			isa = PBXProject;
			attributes = {
				LastSwiftUpdateCheck = 0800;
				LastUpgradeCheck = 0800;
				ORGANIZATIONNAME = WIT;
				TargetAttributes = {
					E2FBED411DE765DF000431F4 = {
						CreatedOnToolsVersion = 8.0;
						ProvisioningStyle = Automatic;
					};
					E2FBED551DE765DF000431F4 = {
						CreatedOnToolsVersion = 8.0;
						ProvisioningStyle = Automatic;
						TestTargetID = E2FBED411DE765DF000431F4;
					};
				};
			};
			buildConfigurationList = E2FBED3D1DE765DF000431F4 /* Build configuration list for PBXProject "MusicalNotes" */;
			compatibilityVersion = "Xcode 3.2";
			developmentRegion = English;
			hasScannedForEncodings = 0;
			knownRegions = (
				en,
				Base,
			);
			mainGroup = E2FBED391DE765DF000431F4;
			productRefGroup = E2FBED431DE765DF000431F4 /* Products */;
			projectDirPath = "";
			projectRoot = "";
			targets = (
				E2FBED411DE765DF000431F4 /* MusicalNotes */,
				E2FBED551DE765DF000431F4 /* MusicalNotesTests */,
			);
		};
/* End PBXProject section */

/* Begin PBXResourcesBuildPhase section */
		E2FBED401DE765DF000431F4 /* Resources */ = {
			isa = PBXResourcesBuildPhase;
			buildActionMask = 2147483647;
			files = (
				E2E785361DF73AC900368631 /* Double Bass.plist in Resources */,
				E2E785401DF73FC200368631 /* Double Bass.mp3 in Resources */,
				E28EDC4C1DF57D2900210088 /* Violin.png in Resources */,
				E2E785421DF73FD300368631 /* Cello.mp3 in Resources */,
				E2FBED501DE765DF000431F4 /* LaunchScreen.storyboard in Resources */,
				E21D0A1E1DF1D1C800327AB6 /* Violin.mp3 in Resources */,
				E2E7853E1DF73F9200368631 /* Viola.mp3 in Resources */,
				E2E7853A1DF73F4600368631 /* Double Bass.png in Resources */,
				E2E785321DF73A7800368631 /* Viola.plist in Resources */,
				E2FBED4D1DE765DF000431F4 /* Assets.xcassets in Resources */,
				E28EDC4A1DF5674800210088 /* Violin.plist in Resources */,
				E2E785341DF73AA300368631 /* Cello.plist in Resources */,
				E2E785381DF73F3600368631 /* Cello.png in Resources */,
				E2FBED4B1DE765DF000431F4 /* Main.storyboard in Resources */,
				E2E7853C1DF73F4F00368631 /* Viola.png in Resources */,
			);
			runOnlyForDeploymentPostprocessing = 0;
		};
		E2FBED541DE765DF000431F4 /* Resources */ = {
			isa = PBXResourcesBuildPhase;
			buildActionMask = 2147483647;
			files = (
			);
			runOnlyForDeploymentPostprocessing = 0;
		};
/* End PBXResourcesBuildPhase section */

/* Begin PBXSourcesBuildPhase section */
		E2FBED3E1DE765DF000431F4 /* Sources */ = {
			isa = PBXSourcesBuildPhase;
			buildActionMask = 2147483647;
			files = (
				E2FBED661DE77178000431F4 /* SecondViewController.swift in Sources */,
				E2FBED481DE765DF000431F4 /* ViewController.swift in Sources */,
				E2FBED461DE765DF000431F4 /* AppDelegate.swift in Sources */,
				E2E5C0411DF0AB9E00DC3AFF /* DescriptionViewController.swift in Sources */,
				E2E5C03F1DF0987000DC3AFF /* tableViewController.swift in Sources */,
			);
			runOnlyForDeploymentPostprocessing = 0;
		};
		E2FBED521DE765DF000431F4 /* Sources */ = {
			isa = PBXSourcesBuildPhase;
			buildActionMask = 2147483647;
			files = (
				E2FBED5B1DE765DF000431F4 /* MusicalNotesTests.swift in Sources */,
			);
			runOnlyForDeploymentPostprocessing = 0;
		};
/* End PBXSourcesBuildPhase section */

/* Begin PBXTargetDependency section */
		E2FBED581DE765DF000431F4 /* PBXTargetDependency */ = {
			isa = PBXTargetDependency;
			target = E2FBED411DE765DF000431F4 /* MusicalNotes */;
			targetProxy = E2FBED571DE765DF000431F4 /* PBXContainerItemProxy */;
		};
/* End PBXTargetDependency section */

/* Begin PBXVariantGroup section */
		E2FBED491DE765DF000431F4 /* Main.storyboard */ = {
			isa = PBXVariantGroup;
			children = (
				E2FBED4A1DE765DF000431F4 /* Base */,
			);
			name = Main.storyboard;
			sourceTree = "<group>";
		};
		E2FBED4E1DE765DF000431F4 /* LaunchScreen.storyboard */ = {
			isa = PBXVariantGroup;
			children = (
				E2FBED4F1DE765DF000431F4 /* Base */,
			);
			name = LaunchScreen.storyboard;
			sourceTree = "<group>";
		};
/* End PBXVariantGroup section */

/* Begin XCBuildConfiguration section */
		E2FBED5D1DE765DF000431F4 /* Debug */ = {
			isa = XCBuildConfiguration;
			buildSettings = {
				ALWAYS_SEARCH_USER_PATHS = NO;
				CLANG_ANALYZER_NONNULL = YES;
				CLANG_CXX_LANGUAGE_STANDARD = "gnu++0x";
				CLANG_CXX_LIBRARY = "libc++";
				CLANG_ENABLE_MODULES = YES;
				CLANG_ENABLE_OBJC_ARC = YES;
				CLANG_WARN_BOOL_CONVERSION = YES;
				CLANG_WARN_CONSTANT_CONVERSION = YES;
				CLANG_WARN_DIRECT_OBJC_ISA_USAGE = YES_ERROR;
				CLANG_WARN_DOCUMENTATION_COMMENTS = YES;
				CLANG_WARN_EMPTY_BODY = YES;
				CLANG_WARN_ENUM_CONVERSION = YES;
				CLANG_WARN_INFINITE_RECURSION = YES;
				CLANG_WARN_INT_CONVERSION = YES;
				CLANG_WARN_OBJC_ROOT_CLASS = YES_ERROR;
				CLANG_WARN_SUSPICIOUS_MOVES = YES;
				CLANG_WARN_UNREACHABLE_CODE = YES;
				CLANG_WARN__DUPLICATE_METHOD_MATCH = YES;
				"CODE_SIGN_IDENTITY[sdk=iphoneos*]" = "iPhone Developer";
				COPY_PHASE_STRIP = NO;
				DEBUG_INFORMATION_FORMAT = dwarf;
				ENABLE_STRICT_OBJC_MSGSEND = YES;
				ENABLE_TESTABILITY = YES;
				GCC_C_LANGUAGE_STANDARD = gnu99;
				GCC_DYNAMIC_NO_PIC = NO;
				GCC_NO_COMMON_BLOCKS = YES;
				GCC_OPTIMIZATION_LEVEL = 0;
				GCC_PREPROCESSOR_DEFINITIONS = (
					"DEBUG=1",
					"$(inherited)",
				);
				GCC_WARN_64_TO_32_BIT_CONVERSION = YES;
				GCC_WARN_ABOUT_RETURN_TYPE = YES_ERROR;
				GCC_WARN_UNDECLARED_SELECTOR = YES;
				GCC_WARN_UNINITIALIZED_AUTOS = YES_AGGRESSIVE;
				GCC_WARN_UNUSED_FUNCTION = YES;
				GCC_WARN_UNUSED_VARIABLE = YES;
				IPHONEOS_DEPLOYMENT_TARGET = 10.0;
				MTL_ENABLE_DEBUG_INFO = YES;
				ONLY_ACTIVE_ARCH = YES;
				SDKROOT = iphoneos;
				SWIFT_ACTIVE_COMPILATION_CONDITIONS = DEBUG;
				SWIFT_OPTIMIZATION_LEVEL = "-Onone";
				TARGETED_DEVICE_FAMILY = "1,2";
			};
			name = Debug;
		};
		E2FBED5E1DE765DF000431F4 /* Release */ = {
			isa = XCBuildConfiguration;
			buildSettings = {
				ALWAYS_SEARCH_USER_PATHS = NO;
				CLANG_ANALYZER_NONNULL = YES;
				CLANG_CXX_LANGUAGE_STANDARD = "gnu++0x";
				CLANG_CXX_LIBRARY = "libc++";
				CLANG_ENABLE_MODULES = YES;
				CLANG_ENABLE_OBJC_ARC = YES;
				CLANG_WARN_BOOL_CONVERSION = YES;
				CLANG_WARN_CONSTANT_CONVERSION = YES;
				CLANG_WARN_DIRECT_OBJC_ISA_USAGE = YES_ERROR;
				CLANG_WARN_DOCUMENTATION_COMMENTS = YES;
				CLANG_WARN_EMPTY_BODY = YES;
				CLANG_WARN_ENUM_CONVERSION = YES;
				CLANG_WARN_INFINITE_RECURSION = YES;
				CLANG_WARN_INT_CONVERSION = YES;
				CLANG_WARN_OBJC_ROOT_CLASS = YES_ERROR;
				CLANG_WARN_SUSPICIOUS_MOVES = YES;
				CLANG_WARN_UNREACHABLE_CODE = YES;
				CLANG_WARN__DUPLICATE_METHOD_MATCH = YES;
				"CODE_SIGN_IDENTITY[sdk=iphoneos*]" = "iPhone Developer";
				COPY_PHASE_STRIP = NO;
				DEBUG_INFORMATION_FORMAT = "dwarf-with-dsym";
				ENABLE_NS_ASSERTIONS = NO;
				ENABLE_STRICT_OBJC_MSGSEND = YES;
				GCC_C_LANGUAGE_STANDARD = gnu99;
				GCC_NO_COMMON_BLOCKS = YES;
				GCC_WARN_64_TO_32_BIT_CONVERSION = YES;
				GCC_WARN_ABOUT_RETURN_TYPE = YES_ERROR;
				GCC_WARN_UNDECLARED_SELECTOR = YES;
				GCC_WARN_UNINITIALIZED_AUTOS = YES_AGGRESSIVE;
				GCC_WARN_UNUSED_FUNCTION = YES;
				GCC_WARN_UNUSED_VARIABLE = YES;
				IPHONEOS_DEPLOYMENT_TARGET = 10.0;
				MTL_ENABLE_DEBUG_INFO = NO;
				SDKROOT = iphoneos;
				SWIFT_OPTIMIZATION_LEVEL = "-Owholemodule";
				TARGETED_DEVICE_FAMILY = "1,2";
				VALIDATE_PRODUCT = YES;
			};
			name = Release;
		};
		E2FBED601DE765DF000431F4 /* Debug */ = {
			isa = XCBuildConfiguration;
			buildSettings = {
				ASSETCATALOG_COMPILER_APPICON_NAME = AppIcon;
				INFOPLIST_FILE = MusicalNotes/Info.plist;
				LD_RUNPATH_SEARCH_PATHS = "$(inherited) @executable_path/Frameworks";
				PRODUCT_BUNDLE_IDENTIFIER = ie.wit.MusicalNotes;
				PRODUCT_NAME = "$(TARGET_NAME)";
				SWIFT_VERSION = 3.0;
			};
			name = Debug;
		};
		E2FBED611DE765DF000431F4 /* Release */ = {
			isa = XCBuildConfiguration;
			buildSettings = {
				ASSETCATALOG_COMPILER_APPICON_NAME = AppIcon;
				INFOPLIST_FILE = MusicalNotes/Info.plist;
				LD_RUNPATH_SEARCH_PATHS = "$(inherited) @executable_path/Frameworks";
				PRODUCT_BUNDLE_IDENTIFIER = ie.wit.MusicalNotes;
				PRODUCT_NAME = "$(TARGET_NAME)";
				SWIFT_VERSION = 3.0;
			};
			name = Release;
		};
		E2FBED631DE765DF000431F4 /* Debug */ = {
			isa = XCBuildConfiguration;
			buildSettings = {
				ALWAYS_EMBED_SWIFT_STANDARD_LIBRARIES = YES;
				BUNDLE_LOADER = "$(TEST_HOST)";
				INFOPLIST_FILE = MusicalNotesTests/Info.plist;
				LD_RUNPATH_SEARCH_PATHS = "$(inherited) @executable_path/Frameworks @loader_path/Frameworks";
				PRODUCT_BUNDLE_IDENTIFIER = ie.wit.MusicalNotesTests;
				PRODUCT_NAME = "$(TARGET_NAME)";
				SWIFT_VERSION = 3.0;
				TEST_HOST = "$(BUILT_PRODUCTS_DIR)/MusicalNotes.app/MusicalNotes";
			};
			name = Debug;
		};
		E2FBED641DE765DF000431F4 /* Release */ = {
			isa = XCBuildConfiguration;
			buildSettings = {
				ALWAYS_EMBED_SWIFT_STANDARD_LIBRARIES = YES;
				BUNDLE_LOADER = "$(TEST_HOST)";
				INFOPLIST_FILE = MusicalNotesTests/Info.plist;
				LD_RUNPATH_SEARCH_PATHS = "$(inherited) @executable_path/Frameworks @loader_path/Frameworks";
				PRODUCT_BUNDLE_IDENTIFIER = ie.wit.MusicalNotesTests;
				PRODUCT_NAME = "$(TARGET_NAME)";
				SWIFT_VERSION = 3.0;
				TEST_HOST = "$(BUILT_PRODUCTS_DIR)/MusicalNotes.app/MusicalNotes";
			};
			name = Release;
		};
/* End XCBuildConfiguration section */

/* Begin XCConfigurationList section */
		E2FBED3D1DE765DF000431F4 /* Build configuration list for PBXProject "MusicalNotes" */ = {
			isa = XCConfigurationList;
			buildConfigurations = (
				E2FBED5D1DE765DF000431F4 /* Debug */,
				E2FBED5E1DE765DF000431F4 /* Release */,
			);
			defaultConfigurationIsVisible = 0;
			defaultConfigurationName = Release;
		};
		E2FBED5F1DE765DF000431F4 /* Build configuration list for PBXNativeTarget "MusicalNotes" */ = {
			isa = XCConfigurationList;
			buildConfigurations = (
				E2FBED601DE765DF000431F4 /* Debug */,
				E2FBED611DE765DF000431F4 /* Release */,
			);
			defaultConfigurationIsVisible = 0;
			defaultConfigurationName = Release;
		};
		E2FBED621DE765DF000431F4 /* Build configuration list for PBXNativeTarget "MusicalNotesTests" */ = {
			isa = XCConfigurationList;
			buildConfigurations = (
				E2FBED631DE765DF000431F4 /* Debug */,
				E2FBED641DE765DF000431F4 /* Release */,
			);
			defaultConfigurationIsVisible = 0;
			defaultConfigurationName = Release;
		};
/* End XCConfigurationList section */
	};
	rootObject = E2FBED3A1DE765DF000431F4 /* Project object */;
}
